# This file is generated by running "yarn install" inside your project.
# Manual changes might be lost - proceed with caution!

__metadata:
  version: 8
  cacheKey: 10

"@babel/generator@npm:8.0.0-rc.3":
  version: 8.0.0-rc.3
  resolution: "@babel/generator@npm:8.0.0-rc.3"
  dependencies:
    "@babel/parser": "npm:^8.0.0-rc.3"
    "@babel/types": "npm:^8.0.0-rc.3"
    "@jridgewell/gen-mapping": "npm:^0.3.12"
    "@jridgewell/trace-mapping": "npm:^0.3.28"
    "@types/jsesc": "npm:^2.5.0"
    jsesc: "npm:^3.0.2"
  checksum: 10/b0136198e68c2389b1e769f29af3d27c6cec52fa31951d290c877b801c3a21345e87bb77e2f90c95bed136f0b8514c52ad60e0269b275c42ac1be1b87a66813a
  languageName: node
  linkType: hard

"@babel/helper-string-parser@npm:^8.0.0-rc.3":
  version: 8.0.0-rc.3
  resolution: "@babel/helper-string-parser@npm:8.0.0-rc.3"
  checksum: 10/607a4decf8264c6142e85304b4c1eb2d8dfda9b9a4403c67a40a39892eb6f00703374459617416ca019bba22a34809808bcb8223bbb88d4441816ba9770c0720
  languageName: node
  linkType: hard

"@babel/helper-validator-identifier@npm:8.0.0-rc.3, @babel/helper-validator-identifier@npm:^8.0.0-rc.3":
  version: 8.0.0-rc.3
  resolution: "@babel/helper-validator-identifier@npm:8.0.0-rc.3"
  checksum: 10/70b589cd5717b76e27648e6c17efdbce9520dfa4134e97047c611297300137924b5d3d276ee21fb8c455b5bf9f504418e9c5e90caa3177a31c2b4309c9377ee4
  languageName: node
  linkType: hard

"@babel/parser@npm:8.0.0-rc.3, @babel/parser@npm:^8.0.0-beta.4, @babel/parser@npm:^8.0.0-rc.3":
  version: 8.0.0-rc.3
  resolution: "@babel/parser@npm:8.0.0-rc.3"
  dependencies:
    "@babel/types": "npm:^8.0.0-rc.3"
  bin:
    parser: ./bin/babel-parser.js
  checksum: 10/66cdfba5669883c83f5ad7cedb7babc0947867e449fc79f55e6d6387ad2efcd81aaeb163cf8bb7b5633776226a95d72442b74da8df2b3beb195e71f51ba6cdc1
  languageName: node
  linkType: hard

"@babel/types@npm:8.0.0-rc.3, @babel/types@npm:^8.0.0-rc.3":
  version: 8.0.0-rc.3
  resolution: "@babel/types@npm:8.0.0-rc.3"
  dependencies:
    "@babel/helper-string-parser": "npm:^8.0.0-rc.3"
    "@babel/helper-validator-identifier": "npm:^8.0.0-rc.3"
  checksum: 10/84b5bf84f08f798d48db91015d05b41957a8fa74c27612d7b445871c86d86b10c692f790316d001d262ace4c993872b2e9f3822151a82dab499bad793e3f9147
  languageName: node
  linkType: hard

"@calmdown/logger-browser@workspace:packages/logger-browser":
  version: 0.0.0-use.local
  resolution: "@calmdown/logger-browser@workspace:packages/logger-browser"
  dependencies:
    "@calmdown/logger": "workspace:*"
    build-logic: "workspace:*"
    typescript: "npm:6.0.2"
  peerDependencies:
    "@calmdown/logger": 1.0.0
  languageName: unknown
  linkType: soft

"@calmdown/logger-monorepo@workspace:.":
  version: 0.0.0-use.local
  resolution: "@calmdown/logger-monorepo@workspace:."
  dependencies:
    build-logic: "workspace:*"
    typescript: "npm:6.0.2"
  languageName: unknown
  linkType: soft

"@calmdown/logger-node@workspace:packages/logger-node":
  version: 0.0.0-use.local
  resolution: "@calmdown/logger-node@workspace:packages/logger-node"
  dependencies:
    "@calmdown/logger": "workspace:*"
    "@types/node": "npm:25.5.0"
    build-logic: "workspace:*"
    typescript: "npm:6.0.2"
  peerDependencies:
    "@calmdown/logger": 1.0.0
  languageName: unknown
  linkType: soft

"@calmdown/logger@workspace:*, @calmdown/logger@workspace:packages/logger":
  version: 0.0.0-use.local
  resolution: "@calmdown/logger@workspace:packages/logger"
  dependencies:
    build-logic: "workspace:*"
    typescript: "npm:6.0.2"
  languageName: unknown
  linkType: soft

"@calmdown/rolldown-workspace@npm:1.0.0-rc.3":
  version: 1.0.0-rc.3
  resolution: "@calmdown/rolldown-workspace@npm:1.0.0-rc.3"
  peerDependencies:
    rolldown: 1.0.0-rc.10
  checksum: 10/5cba612ed50cd48d35914a59c9eb0ad3d83e6f923c0b5f3ae9ec2cbf0a45598baa3e74c734c7f95db7b45791c8053edd026e056841c1a1fd3fd0c7e53f73dc97
  languageName: node
  linkType: hard

"@calmdown/rollup-plugin-copy@npm:1.0.0":
  version: 1.0.0
  resolution: "@calmdown/rollup-plugin-copy@npm:1.0.0"
  checksum: 10/022fc9d7a03a60353f68a3ee3f4404aebc654062cfa1012886d6a4d3f16b74eb191d39731ca6422f58bb5fab78c95283b6439d69b612482eaf2ac8447dd2ae6f
  languageName: node
  linkType: hard

"@calmdown/rollup-plugin-delete@npm:1.0.0":
  version: 1.0.0
  resolution: "@calmdown/rollup-plugin-delete@npm:1.0.0"
  checksum: 10/e078ac3f0ce4fe756501a0020f95c1b2d2b81680768075bb99a75b2940450bbe8c917ea9349ea04964d10acca9819c07827188da64f5580e6e22621a25042122
  languageName: node
  linkType: hard

"@jridgewell/gen-mapping@npm:^0.3.12":
  version: 0.3.13
  resolution: "@jridgewell/gen-mapping@npm:0.3.13"
  dependencies:
    "@jridgewell/sourcemap-codec": "npm:^1.5.0"
    "@jridgewell/trace-mapping": "npm:^0.3.24"
  checksum: 10/902f8261dcf450b4af7b93f9656918e02eec80a2169e155000cb2059f90113dd98f3ccf6efc6072cee1dd84cac48cade51da236972d942babc40e4c23da4d62a
  languageName: node
  linkType: hard

"@jridgewell/resolve-uri@npm:^3.1.0":
  version: 3.1.2
  resolution: "@jridgewell/resolve-uri@npm:3.1.2"
  checksum: 10/97106439d750a409c22c8bff822d648f6a71f3aa9bc8e5129efdc36343cd3096ddc4eeb1c62d2fe48e9bdd4db37b05d4646a17114ecebd3bbcacfa2de51c3c1d
  languageName: node
  linkType: hard

"@jridgewell/sourcemap-codec@npm:^1.4.14, @jridgewell/sourcemap-codec@npm:^1.5.0":
  version: 1.5.5
  resolution: "@jridgewell/sourcemap-codec@npm:1.5.5"
  checksum: 10/5d9d207b462c11e322d71911e55e21a4e2772f71ffe8d6f1221b8eb5ae6774458c1d242f897fb0814e8714ca9a6b498abfa74dfe4f434493342902b1a48b33a5
  languageName: node
  linkType: hard

"@jridgewell/trace-mapping@npm:^0.3.24, @jridgewell/trace-mapping@npm:^0.3.28":
  version: 0.3.31
  resolution: "@jridgewell/trace-mapping@npm:0.3.31"
  dependencies:
    "@jridgewell/resolve-uri": "npm:^3.1.0"
    "@jridgewell/sourcemap-codec": "npm:^1.4.14"
  checksum: 10/da0283270e691bdb5543806077548532791608e52386cfbbf3b9e8fb00457859d1bd01d512851161c886eb3a2f3ce6fd9bcf25db8edf3bddedd275bd4a88d606
  languageName: node
  linkType: hard

"@napi-rs/wasm-runtime@npm:^1.1.1":
  version: 1.1.2
  resolution: "@napi-rs/wasm-runtime@npm:1.1.2"
  dependencies:
    "@tybys/wasm-util": "npm:^0.10.1"
  peerDependencies:
    "@emnapi/core": ^1.7.1
    "@emnapi/runtime": ^1.7.1
  checksum: 10/fcb8a5cff65dfb6c44277a1f7a16da5a1be2ed609c83e13f4bb621db97b511129b8ccf808794c8906abd3561e10c2e66d3ba550f0a1a0db18f53f1e399a0a5f8
  languageName: node
  linkType: hard

"@oxc-project/types@npm:=0.120.0":
  version: 0.120.0
  resolution: "@oxc-project/types@npm:0.120.0"
  checksum: 10/61d49ab517481766e0b7e9ff1a316b5de3d82a74d7923b806895cca764aa2bf86a929af8dcc8679d4cb9bb188b2fb2dd89e5966c6eb6c1114658bfcc9e428ba0
  languageName: node
  linkType: hard

"@rolldown/binding-android-arm64@npm:1.0.0-rc.10":
  version: 1.0.0-rc.10
  resolution: "@rolldown/binding-android-arm64@npm:1.0.0-rc.10"
  conditions: os=android & cpu=arm64
  languageName: node
  linkType: hard

"@rolldown/binding-darwin-arm64@npm:1.0.0-rc.10":
  version: 1.0.0-rc.10
  resolution: "@rolldown/binding-darwin-arm64@npm:1.0.0-rc.10"
  conditions: os=darwin & cpu=arm64
  languageName: node
  linkType: hard

"@rolldown/binding-darwin-x64@npm:1.0.0-rc.10":
  version: 1.0.0-rc.10
  resolution: "@rolldown/binding-darwin-x64@npm:1.0.0-rc.10"
  conditions: os=darwin & cpu=x64
  languageName: node
  linkType: hard

"@rolldown/binding-freebsd-x64@npm:1.0.0-rc.10":
  version: 1.0.0-rc.10
  resolution: "@rolldown/binding-freebsd-x64@npm:1.0.0-rc.10"
  conditions: os=freebsd & cpu=x64
  languageName: node
  linkType: hard

"@rolldown/binding-linux-arm-gnueabihf@npm:1.0.0-rc.10":
  version: 1.0.0-rc.10
  resolution: "@rolldown/binding-linux-arm-gnueabihf@npm:1.0.0-rc.10"
  conditions: os=linux & cpu=arm
  languageName: node
  linkType: hard

"@rolldown/binding-linux-arm64-gnu@npm:1.0.0-rc.10":
  version: 1.0.0-rc.10
  resolution: "@rolldown/binding-linux-arm64-gnu@npm:1.0.0-rc.10"
  conditions: os=linux & cpu=arm64 & libc=glibc
  languageName: node
  linkType: hard

"@rolldown/binding-linux-arm64-musl@npm:1.0.0-rc.10":
  version: 1.0.0-rc.10
  resolution: "@rolldown/binding-linux-arm64-musl@npm:1.0.0-rc.10"
  conditions: os=linux & cpu=arm64 & libc=musl
  languageName: node
  linkType: hard

"@rolldown/binding-linux-ppc64-gnu@npm:1.0.0-rc.10":
  version: 1.0.0-rc.10
  resolution: "@rolldown/binding-linux-ppc64-gnu@npm:1.0.0-rc.10"
  conditions: os=linux & cpu=ppc64 & libc=glibc
  languageName: node
  linkType: hard

"@rolldown/binding-linux-s390x-gnu@npm:1.0.0-rc.10":
  version: 1.0.0-rc.10
  resolution: "@rolldown/binding-linux-s390x-gnu@npm:1.0.0-rc.10"
  conditions: os=linux & cpu=s390x & libc=glibc
  languageName: node
  linkType: hard

"@rolldown/binding-linux-x64-gnu@npm:1.0.0-rc.10":
  version: 1.0.0-rc.10
  resolution: "@rolldown/binding-linux-x64-gnu@npm:1.0.0-rc.10"
  conditions: os=linux & cpu=x64 & libc=glibc
  languageName: node
  linkType: hard

"@rolldown/binding-linux-x64-musl@npm:1.0.0-rc.10":
  version: 1.0.0-rc.10
  resolution: "@rolldown/binding-linux-x64-musl@npm:1.0.0-rc.10"
  conditions: os=linux & cpu=x64 & libc=musl
  languageName: node
  linkType: hard

"@rolldown/binding-openharmony-arm64@npm:1.0.0-rc.10":
  version: 1.0.0-rc.10
  resolution: "@rolldown/binding-openharmony-arm64@npm:1.0.0-rc.10"
  conditions: os=openharmony & cpu=arm64
  languageName: node
  linkType: hard

"@rolldown/binding-wasm32-wasi@npm:1.0.0-rc.10":
  version: 1.0.0-rc.10
  resolution: "@rolldown/binding-wasm32-wasi@npm:1.0.0-rc.10"
  dependencies:
    "@napi-rs/wasm-runtime": "npm:^1.1.1"
  conditions: cpu=wasm32
  languageName: node
  linkType: hard

"@rolldown/binding-win32-arm64-msvc@npm:1.0.0-rc.10":
  version: 1.0.0-rc.10
  resolution: "@rolldown/binding-win32-arm64-msvc@npm:1.0.0-rc.10"
  conditions: os=win32 & cpu=arm64
  languageName: node
  linkType: hard

"@rolldown/binding-win32-x64-msvc@npm:1.0.0-rc.10":
  version: 1.0.0-rc.10
  resolution: "@rolldown/binding-win32-x64-msvc@npm:1.0.0-rc.10"
  conditions: os=win32 & cpu=x64
  languageName: node
  linkType: hard

"@rolldown/pluginutils@npm:1.0.0-rc.10":
  version: 1.0.0-rc.10
  resolution: "@rolldown/pluginutils@npm:1.0.0-rc.10"
  checksum: 10/f61d63b8ecaa9bc1df306c0c9c681be957cec1158d20d1bde8e80158f49e31ad7625348af76a73e08cdc5285cc1de63fd80d2c1a06a1f3244df9958df21dcee6
  languageName: node
  linkType: hard

"@tybys/wasm-util@npm:^0.10.1":
  version: 0.10.1
  resolution: "@tybys/wasm-util@npm:0.10.1"
  dependencies:
    tslib: "npm:^2.4.0"
  checksum: 10/7fe0d239397aebb002ac4855d30c197c06a05ea8df8511350a3a5b1abeefe26167c60eda8a5508337571161e4c4b53d7c1342296123f9607af8705369de9fa7f
  languageName: node
  linkType: hard

"@types/estree@npm:^1.0.0":
  version: 1.0.1
  resolution: "@types/estree@npm:1.0.1"
  checksum: 10/f252569c002506c61ad913e778aa69415908078c46c78c901ccad77bc66cd34f1e1b9babefb8ff0d27c07a15fb0824755edd7bb3fa7ea828f32ae0fe5faa9962
  languageName: node
  linkType: hard

"@types/jsesc@npm:^2.5.0":
  version: 2.5.1
  resolution: "@types/jsesc@npm:2.5.1"
  checksum: 10/25407775ed621790d2eec0cc51e194bd0d67a82e39204fd9748899c249ef965e17d9e6560f6c658773714f6d45a259465f3639790bb55750ebb168ee23801596
  languageName: node
  linkType: hard

"@types/node@npm:25.5.0":
  version: 25.5.0
  resolution: "@types/node@npm:25.5.0"
  dependencies:
    undici-types: "npm:~7.18.0"
  checksum: 10/b1e8116bd8c9ff62e458b76d28a59cf7631537bb17e8961464bf754dd5b07b46f1620f568b2f89970505af9eef478dd74c614651b454c1ea95949ec472c64fcb
  languageName: node
  linkType: hard

"ast-kit@npm:^3.0.0-beta.1":
  version: 3.0.0-beta.1
  resolution: "ast-kit@npm:3.0.0-beta.1"
  dependencies:
    "@babel/parser": "npm:^8.0.0-beta.4"
    estree-walker: "npm:^3.0.3"
    pathe: "npm:^2.0.3"
  checksum: 10/63c8f80f71d905a3ca23a2cd02e9e9bba4e617353db80e58e4a48ca31f5a51c594e3d5bf7d1b61faf98b5f4c9a4db52bd2e8fa69e01e5b17a737b10abbd087f9
  languageName: node
  linkType: hard

"birpc@npm:^4.0.0":
  version: 4.0.0
  resolution: "birpc@npm:4.0.0"
  checksum: 10/f4418e2a0451f41eb6f20b3c9a4d6c007b335bbc0fe1d6eddf44bc2fd2d44f26594a3b0a24fc43107b0288a2a56959507b37478faed20e3da0d2587ed0fa1557
  languageName: node
  linkType: hard

"build-logic@workspace:*, build-logic@workspace:build-logic":
  version: 0.0.0-use.local
  resolution: "build-logic@workspace:build-logic"
  dependencies:
    "@calmdown/rolldown-workspace": "npm:1.0.0-rc.3"
    "@calmdown/rollup-plugin-copy": "npm:1.0.0"
    "@calmdown/rollup-plugin-delete": "npm:1.0.0"
    rolldown: "npm:1.0.0-rc.10"
    rolldown-plugin-dts: "npm:0.23.2"
    typescript: "npm:6.0.2"
  bin:
    build: ./bin/build.js
  languageName: unknown
  linkType: soft

"dts-resolver@npm:^2.1.3":
  version: 2.1.3
  resolution: "dts-resolver@npm:2.1.3"
  peerDependencies:
    oxc-resolver: ">=11.0.0"
  peerDependenciesMeta:
    oxc-resolver:
      optional: true
  checksum: 10/9dfa79be6f5a4dabc318274a6069cc237e3121307afa604bada4e8cbbf5c30403d916ec49059ce473b18fed1a28eb1d13353bb0fb82c4231b5cb4d332ff12f51
  languageName: node
  linkType: hard

"estree-walker@npm:^3.0.3":
  version: 3.0.3
  resolution: "estree-walker@npm:3.0.3"
  dependencies:
    "@types/estree": "npm:^1.0.0"
  checksum: 10/a65728d5727b71de172c5df323385755a16c0fdab8234dc756c3854cfee343261ddfbb72a809a5660fac8c75d960bb3e21aa898c2d7e9b19bb298482ca58a3af
  languageName: node
  linkType: hard

"get-tsconfig@npm:^4.13.7":
  version: 4.13.7
  resolution: "get-tsconfig@npm:4.13.7"
  dependencies:
    resolve-pkg-maps: "npm:^1.0.0"
  checksum: 10/e23622bd3c5766a2fe43a28cb7a490ebb175eb7f429e4ec53688e3b7a40882fb0ec6f3b753f237757d63861ccd8033232d1d76f8960a683af8e09099e7c897fe
  languageName: node
  linkType: hard

"jsesc@npm:^3.0.2":
  version: 3.1.0
  resolution: "jsesc@npm:3.1.0"
  bin:
    jsesc: bin/jsesc
  checksum: 10/20bd37a142eca5d1794f354db8f1c9aeb54d85e1f5c247b371de05d23a9751ecd7bd3a9c4fc5298ea6fa09a100dafb4190fa5c98c6610b75952c3487f3ce7967
  languageName: node
  linkType: hard

"obug@npm:^2.1.1":
  version: 2.1.1
  resolution: "obug@npm:2.1.1"
  checksum: 10/bdcf9213361786688019345f3452b95a1dc73710e4b403c82a1994b98bad6abc31b26cb72a482128c5fd53ea9daf6fbb7d0e0e7b2b7e9c8be6d779deeccee07f
  languageName: node
  linkType: hard

"pathe@npm:^2.0.3":
  version: 2.0.3
  resolution: "pathe@npm:2.0.3"
  checksum: 10/01e9a69928f39087d96e1751ce7d6d50da8c39abf9a12e0ac2389c42c83bc76f78c45a475bd9026a02e6a6f79be63acc75667df855862fe567d99a00a540d23d
  languageName: node
  linkType: hard

"picomatch@npm:^4.0.4":
  version: 4.0.4
  resolution: "picomatch@npm:4.0.4"
  checksum: 10/f6ef80a3590827ce20378ae110ac78209cc4f74d39236370f1780f957b7ee41c12acde0e4651b90f39983506fd2f5e449994716f516db2e9752924aff8de93ce
  languageName: node
  linkType: hard

"resolve-pkg-maps@npm:^1.0.0":
  version: 1.0.0
  resolution: "resolve-pkg-maps@npm:1.0.0"
  checksum: 10/0763150adf303040c304009231314d1e84c6e5ebfa2d82b7d94e96a6e82bacd1dcc0b58ae257315f3c8adb89a91d8d0f12928241cba2df1680fbe6f60bf99b0e
  languageName: node
  linkType: hard

"rolldown-plugin-dts@npm:0.23.2":
  version: 0.23.2
  resolution: "rolldown-plugin-dts@npm:0.23.2"
  dependencies:
    "@babel/generator": "npm:8.0.0-rc.3"
    "@babel/helper-validator-identifier": "npm:8.0.0-rc.3"
    "@babel/parser": "npm:8.0.0-rc.3"
    "@babel/types": "npm:8.0.0-rc.3"
    ast-kit: "npm:^3.0.0-beta.1"
    birpc: "npm:^4.0.0"
    dts-resolver: "npm:^2.1.3"
    get-tsconfig: "npm:^4.13.7"
    obug: "npm:^2.1.1"
    picomatch: "npm:^4.0.4"
  peerDependencies:
    "@ts-macro/tsc": ^0.3.6
    "@typescript/native-preview": ">=7.0.0-dev.20260325.1"
    rolldown: ^1.0.0-rc.12
    typescript: ^5.0.0 || ^6.0.0
    vue-tsc: ~3.2.0
  peerDependenciesMeta:
    "@ts-macro/tsc":
      optional: true
    "@typescript/native-preview":
      optional: true
    typescript:
      optional: true
    vue-tsc:
      optional: true
  checksum: 10/aa2dc92bccfd2390873b665317009aa11bcbd6b88abb24855d2b7d8f659bd31c559619ea60421103f936192ad7704a67c3c0ee1ea9ade6d41b4ed31fff7e3f32
  languageName: node
  linkType: hard

"rolldown@npm:1.0.0-rc.10":
  version: 1.0.0-rc.10
  resolution: "rolldown@npm:1.0.0-rc.10"
  dependencies:
    "@oxc-project/types": "npm:=0.120.0"
    "@rolldown/binding-android-arm64": "npm:1.0.0-rc.10"
    "@rolldown/binding-darwin-arm64": "npm:1.0.0-rc.10"
    "@rolldown/binding-darwin-x64": "npm:1.0.0-rc.10"
    "@rolldown/binding-freebsd-x64": "npm:1.0.0-rc.10"
    "@rolldown/binding-linux-arm-gnueabihf": "npm:1.0.0-rc.10"
    "@rolldown/binding-linux-arm64-gnu": "npm:1.0.0-rc.10"
    "@rolldown/binding-linux-arm64-musl": "npm:1.0.0-rc.10"
    "@rolldown/binding-linux-ppc64-gnu": "npm:1.0.0-rc.10"
    "@rolldown/binding-linux-s390x-gnu": "npm:1.0.0-rc.10"
    "@rolldown/binding-linux-x64-gnu": "npm:1.0.0-rc.10"
    "@rolldown/binding-linux-x64-musl": "npm:1.0.0-rc.10"
    "@rolldown/binding-openharmony-arm64": "npm:1.0.0-rc.10"
    "@rolldown/binding-wasm32-wasi": "npm:1.0.0-rc.10"
    "@rolldown/binding-win32-arm64-msvc": "npm:1.0.0-rc.10"
    "@rolldown/binding-win32-x64-msvc": "npm:1.0.0-rc.10"
    "@rolldown/pluginutils": "npm:1.0.0-rc.10"
  dependenciesMeta:
    "@rolldown/binding-android-arm64":
      optional: true
    "@rolldown/binding-darwin-arm64":
      optional: true
    "@rolldown/binding-darwin-x64":
      optional: true
    "@rolldown/binding-freebsd-x64":
      optional: true
    "@rolldown/binding-linux-arm-gnueabihf":
      optional: true
    "@rolldown/binding-linux-arm64-gnu":
      optional: true
    "@rolldown/binding-linux-arm64-musl":
      optional: true
    "@rolldown/binding-linux-ppc64-gnu":
      optional: true
    "@rolldown/binding-linux-s390x-gnu":
      optional: true
    "@rolldown/binding-linux-x64-gnu":
      optional: true
    "@rolldown/binding-linux-x64-musl":
      optional: true
    "@rolldown/binding-openharmony-arm64":
      optional: true
    "@rolldown/binding-wasm32-wasi":
      optional: true
    "@rolldown/binding-win32-arm64-msvc":
      optional: true
    "@rolldown/binding-win32-x64-msvc":
      optional: true
  bin:
    rolldown: bin/cli.mjs
  checksum: 10/49c8d62ed1492db6fb4aa31c55f2f79a5cacad87447526688ad2ec97268c7f9403087485d4b32872702cd4c934561af892cd9bf3173e5a677b047843f26e08fc
  languageName: node
  linkType: hard

"tslib@npm:^2.4.0":
  version: 2.8.1
  resolution: "tslib@npm:2.8.1"
  checksum: 10/3e2e043d5c2316461cb54e5c7fe02c30ef6dccb3384717ca22ae5c6b5bc95232a6241df19c622d9c73b809bea33b187f6dbc73030963e29950c2141bc32a79f7
  languageName: node
  linkType: hard

"typescript@npm:6.0.2":
  version: 6.0.2
  resolution: "typescript@npm:6.0.2"
  bin:
    tsc: bin/tsc
    tsserver: bin/tsserver
  checksum: 10/b9fc2fcee7ee8e5ca6f5138181964550531e18e2d20ecb71b802d4d495881e3444e0ef94cbb6e84eb2ba41e913f6feae3ca33cc722b32e6e6dfadb32d23b80e6
  languageName: node
  linkType: hard

"typescript@patch:typescript@npm%3A6.0.2#optional!builtin<compat/typescript>":
  version: 6.0.2
  resolution: "typescript@patch:typescript@npm%3A6.0.2#optional!builtin<compat/typescript>::version=6.0.2&hash=5786d5"
  bin:
    tsc: bin/tsc
    tsserver: bin/tsserver
  checksum: 10/e5501dfcf8c5b6b9a61f6fa53decc40187cebe3a2b7b2bd51c615007ad4cf6d58298461fef63294f6be9d5f2f33019b2a2e2bf02d9cb7d7f6ec94372bf24ffa2
  languageName: node
  linkType: hard

"undici-types@npm:~7.18.0":
  version: 7.18.2
  resolution: "undici-types@npm:7.18.2"
  checksum: 10/e61a5918f624d68420c3ca9d301e9f15b61cba6e97be39fe2ce266dd6151e4afe424d679372638826cb506be33952774e0424141200111a9857e464216c009af
  languageName: node
  linkType: hard
